version: 6
environments:
  default:
    channels:
    - url: https://conda.anaconda.org/conda-forge/
    indexes:
    - https://pypi.org/simple
    options:
      pypi-prerelease-mode: if-necessary-or-explicit
    packages:
      osx-arm64:
      - conda: https://conda.anaconda.org/conda-forge/osx-arm64/_openmp_mutex-4.5-7_kmp_llvm.conda
      - conda: https://conda.anaconda.org/conda-forge/osx-arm64/brotli-1.2.0-h7d5ae5b_1.conda
      - conda: https://conda.anaconda.org/conda-forge/osx-arm64/brotli-bin-1.2.0-hc919400_1.conda
      - conda: https://conda.anaconda.org/conda-forge/osx-arm64/bzip2-1.0.8-hd037594_9.conda
      - conda: https://conda.anaconda.org/conda-forge/noarch/ca-certificates-2026.2.25-hbd8a1cb_0.conda
      - conda: https://conda.anaconda.org/conda-forge/noarch/choreographer-1.2.1-pyhcf101f3_0.conda
      - conda: https://conda.anaconda.org/conda-forge/noarch/colorama-0.4.6-pyhd8ed1ab_1.conda
      - conda: https://conda.anaconda.org/conda-forge/osx-arm64/contourpy-1.3.3-py314hf8a3a22_4.conda
      - conda: https://conda.anaconda.org/conda-forge/noarch/cycler-0.12.1-pyhcf101f3_2.conda
      - conda: https://conda.anaconda.org/conda-forge/noarch/exceptiongroup-1.3.1-pyhd8ed1ab_0.conda
      - conda: https://conda.anaconda.org/conda-forge/noarch/fonttools-4.62.0-pyh7db6752_0.conda
      - conda: https://conda.anaconda.org/conda-forge/osx-arm64/freetype-2.14.3-hce30654_0.conda
      - conda: https://conda.anaconda.org/conda-forge/noarch/iniconfig-2.3.0-pyhd8ed1ab_0.conda
      - conda: https://conda.anaconda.org/conda-forge/osx-arm64/kiwisolver-1.5.0-py314hf8a3a22_0.conda
      - conda: https://conda.anaconda.org/conda-forge/osx-arm64/lcms2-2.18-hdfa7624_0.conda
      - conda: https://conda.anaconda.org/conda-forge/osx-arm64/lerc-4.1.0-h1eee2c3_0.conda
      - conda: https://conda.anaconda.org/conda-forge/osx-arm64/libblas-3.11.0-6_h51639a9_openblas.conda
      - conda: https://conda.anaconda.org/conda-forge/osx-arm64/libbrotlicommon-1.2.0-hc919400_1.conda
      - conda: https://conda.anaconda.org/conda-forge/osx-arm64/libbrotlidec-1.2.0-hc919400_1.conda
      - conda: https://conda.anaconda.org/conda-forge/osx-arm64/libbrotlienc-1.2.0-hc919400_1.conda
      - conda: https://conda.anaconda.org/conda-forge/osx-arm64/libcblas-3.11.0-6_hb0561ab_openblas.conda
      - conda: https://conda.anaconda.org/conda-forge/osx-arm64/libcxx-22.1.3-h55c6f16_0.conda
      - conda: https://conda.anaconda.org/conda-forge/osx-arm64/libdeflate-1.25-hc11a715_0.conda
      - conda: https://conda.anaconda.org/conda-forge/osx-arm64/libexpat-2.7.5-hf6b4638_0.conda
      - conda: https://conda.anaconda.org/conda-forge/osx-arm64/libffi-3.5.2-hcf2aa1b_0.conda
      - conda: https://conda.anaconda.org/conda-forge/osx-arm64/libfreetype-2.14.3-hce30654_0.conda
      - conda: https://conda.anaconda.org/conda-forge/osx-arm64/libfreetype6-2.14.3-hdfa99f5_0.conda
      - conda: https://conda.anaconda.org/conda-forge/osx-arm64/libgcc-15.2.0-hcbb3090_18.conda
      - conda: https://conda.anaconda.org/conda-forge/osx-arm64/libgfortran-15.2.0-h07b0088_18.conda
      - conda: https://conda.anaconda.org/conda-forge/osx-arm64/libgfortran5-15.2.0-hdae7583_18.conda
      - conda: https://conda.anaconda.org/conda-forge/osx-arm64/libjpeg-turbo-3.1.4.1-h84a0fba_0.conda
      - conda: https://conda.anaconda.org/conda-forge/osx-arm64/liblapack-3.11.0-6_hd9741b5_openblas.conda
      - conda: https://conda.anaconda.org/conda-forge/osx-arm64/liblzma-5.8.3-h8088a28_0.conda
      - conda: https://conda.anaconda.org/conda-forge/osx-arm64/libmpdec-4.0.0-h84a0fba_1.conda
      - conda: https://conda.anaconda.org/conda-forge/osx-arm64/libopenblas-0.3.32-openmp_he657e61_0.conda
      - conda: https://conda.anaconda.org/conda-forge/osx-arm64/libpng-1.6.57-h132b30e_0.conda
      - conda: https://conda.anaconda.org/conda-forge/osx-arm64/libsqlite-3.53.0-h1b79a29_0.conda
      - conda: https://conda.anaconda.org/conda-forge/osx-arm64/libtiff-4.7.1-h4030677_1.conda
      - conda: https://conda.anaconda.org/conda-forge/osx-arm64/libwebp-base-1.6.0-h07db88b_0.conda
      - conda: https://conda.anaconda.org/conda-forge/osx-arm64/libxcb-1.17.0-hdb1d25a_0.conda
      - conda: https://conda.anaconda.org/conda-forge/osx-arm64/libzlib-1.3.2-h8088a28_2.conda
      - conda: https://conda.anaconda.org/conda-forge/osx-arm64/llvm-openmp-22.1.3-hc7d1edf_0.conda
      - conda: https://conda.anaconda.org/conda-forge/noarch/logistro-2.0.1-pyhcf101f3_0.conda
      - conda: https://conda.anaconda.org/conda-forge/osx-arm64/matplotlib-3.10.8-py314he55896b_0.conda
      - conda: https://conda.anaconda.org/conda-forge/osx-arm64/matplotlib-base-3.10.8-py314hd63e3f0_0.conda
      - conda: https://conda.anaconda.org/conda-forge/noarch/munkres-1.1.4-pyhd8ed1ab_1.conda
      - conda: https://conda.anaconda.org/conda-forge/noarch/narwhals-2.19.0-pyhcf101f3_0.conda
      - conda: https://conda.anaconda.org/conda-forge/osx-arm64/ncurses-6.5-h5e97a16_3.conda
      - conda: https://conda.anaconda.org/conda-forge/osx-arm64/numpy-2.4.3-py314h1569ea8_0.conda
      - conda: https://conda.anaconda.org/conda-forge/osx-arm64/openjpeg-2.5.4-hd9e9057_0.conda
      - conda: https://conda.anaconda.org/conda-forge/osx-arm64/openssl-3.6.2-hd24854e_0.conda
      - conda: https://conda.anaconda.org/conda-forge/osx-arm64/orjson-3.11.8-py314h4e27585_0.conda
      - conda: https://conda.anaconda.org/conda-forge/noarch/packaging-26.0-pyhcf101f3_0.conda
      - conda: https://conda.anaconda.org/conda-forge/osx-arm64/pandas-3.0.2-py314he609de1_0.conda
      - conda: https://conda.anaconda.org/conda-forge/osx-arm64/pillow-12.2.0-py314hab283cf_0.conda
      - conda: https://conda.anaconda.org/conda-forge/noarch/plotly-6.6.0-pyhd8ed1ab_0.conda
      - conda: https://conda.anaconda.org/conda-forge/noarch/pluggy-1.6.0-pyhf9edf01_1.conda
      - conda: https://conda.anaconda.org/conda-forge/osx-arm64/pthread-stubs-0.4-hd74edd7_1002.conda
      - conda: https://conda.anaconda.org/conda-forge/noarch/pygments-2.20.0-pyhd8ed1ab_0.conda
      - conda: https://conda.anaconda.org/conda-forge/noarch/pyparsing-3.3.2-pyhcf101f3_0.conda
      - conda: https://conda.anaconda.org/conda-forge/noarch/pytest-9.0.3-pyhc364b38_1.conda
      - conda: https://conda.anaconda.org/conda-forge/noarch/pytest-timeout-2.4.0-pyhd8ed1ab_0.conda
      - conda: https://conda.anaconda.org/conda-forge/osx-arm64/python-3.14.4-h4c637c5_100_cp314.conda
      - conda: https://conda.anaconda.org/conda-forge/noarch/python-dateutil-2.9.0.post0-pyhe01879c_2.conda
      - conda: https://conda.anaconda.org/conda-forge/noarch/python-kaleido-1.2.0-pyhcf101f3_0.conda
      - conda: https://conda.anaconda.org/conda-forge/noarch/python_abi-3.14-8_cp314.conda
      - conda: https://conda.anaconda.org/conda-forge/osx-arm64/qhull-2020.2-h420ef59_5.conda
      - conda: https://conda.anaconda.org/conda-forge/osx-arm64/readline-8.3-h46df422_0.conda
      - conda: https://conda.anaconda.org/conda-forge/osx-arm64/scipy-1.17.1-py314hfc1f868_0.conda
      - conda: https://conda.anaconda.org/conda-forge/osx-arm64/simplejson-3.20.2-py314h0612a62_1.conda
      - conda: https://conda.anaconda.org/conda-forge/noarch/six-1.17.0-pyhe01879c_1.conda
      - conda: https://conda.anaconda.org/conda-forge/osx-arm64/tk-8.6.13-h010d191_3.conda
      - conda: https://conda.anaconda.org/conda-forge/noarch/tomli-2.4.1-pyhcf101f3_0.conda
      - conda: https://conda.anaconda.org/conda-forge/osx-arm64/tornado-6.5.5-py314h6c2aa35_0.conda
      - conda: https://conda.anaconda.org/conda-forge/noarch/typing_extensions-4.15.0-pyhcf101f3_0.conda
      - conda: https://conda.anaconda.org/conda-forge/noarch/tzdata-2025c-hc9c84f9_1.conda
      - conda: https://conda.anaconda.org/conda-forge/osx-arm64/unicodedata2-17.0.1-py314h6c2aa35_0.conda
      - conda: https://conda.anaconda.org/conda-forge/osx-arm64/xorg-libxau-1.0.12-hc919400_1.conda
      - conda: https://conda.anaconda.org/conda-forge/osx-arm64/xorg-libxdmcp-1.1.5-hc919400_1.conda
      - conda: https://conda.anaconda.org/conda-forge/osx-arm64/zlib-ng-2.3.3-hed4e4f5_1.conda
      - conda: https://conda.anaconda.org/conda-forge/osx-arm64/zstd-1.5.7-hbf9d68e_6.conda
      - pypi: ./
packages:
- conda: https://conda.anaconda.org/conda-forge/osx-arm64/_openmp_mutex-4.5-7_kmp_llvm.conda
  build_number: 7
  sha256: 7acaa2e0782cad032bdaf756b536874346ac1375745fb250e9bdd6a48a7ab3cd
  md5: a44032f282e7d2acdeb1c240308052dd
  depends:
  - llvm-openmp >=9.0.1
  license: BSD-3-Clause
  license_family: BSD
  purls: []
  size: 8325
  timestamp: 1764092507920
- conda: https://conda.anaconda.org/conda-forge/osx-arm64/brotli-1.2.0-h7d5ae5b_1.conda
  sha256: 422ac5c91f8ef07017c594d9135b7ae068157393d2a119b1908c7e350938579d
  md5: 48ece20aa479be6ac9a284772827d00c
  depends:
  - __osx >=11.0
  - brotli-bin 1.2.0 hc919400_1
  - libbrotlidec 1.2.0 hc919400_1
  - libbrotlienc 1.2.0 hc919400_1
  license: MIT
  license_family: MIT
  purls: []
  size: 20237
  timestamp: 1764018058424
- conda: https://conda.anaconda.org/conda-forge/osx-arm64/brotli-bin-1.2.0-hc919400_1.conda
  sha256: e2d142052a83ff2e8eab3fe68b9079cad80d109696dc063a3f92275802341640
  md5: 377d015c103ad7f3371be1777f8b584c
  depends:
  - __osx >=11.0
  - libbrotlidec 1.2.0 hc919400_1
  - libbrotlienc 1.2.0 hc919400_1
  license: MIT
  license_family: MIT
  purls: []
  size: 18628
  timestamp: 1764018033635
- conda: https://conda.anaconda.org/conda-forge/osx-arm64/bzip2-1.0.8-hd037594_9.conda
  sha256: 540fe54be35fac0c17feefbdc3e29725cce05d7367ffedfaaa1bdda234b019df
  md5: 620b85a3f45526a8bc4d23fd78fc22f0
  depends:
  - __osx >=11.0
  license: bzip2-1.0.6
  license_family: BSD
  purls: []
  size: 124834
  timestamp: 1771350416561
- conda: https://conda.anaconda.org/conda-forge/noarch/ca-certificates-2026.2.25-hbd8a1cb_0.conda
  sha256: 67cc7101b36421c5913a1687ef1b99f85b5d6868da3abbf6ec1a4181e79782fc
  md5: 4492fd26db29495f0ba23f146cd5638d
  depends:
  - __unix
  license: ISC
  purls: []
  size: 147413
  timestamp: 1772006283803
- conda: https://conda.anaconda.org/conda-forge/noarch/choreographer-1.2.1-pyhcf101f3_0.conda
  sha256: 3b49f0d282ec3a0f75582ccce9d4d21c3adf828e5b106766fdd8dfabe9b36102
  md5: 11a8c8e969a60ce8a78c1c4c9247e5f6
  depends:
  - python >=3.10
  - logistro >=1.0.11
  - simplejson >=3.19.3
  - python
  license: MIT
  license_family: MIT
  purls:
  - pkg:pypi/choreographer?source=hash-mapping
  size: 42798
  timestamp: 1762763984703
- conda: https://conda.anaconda.org/conda-forge/noarch/colorama-0.4.6-pyhd8ed1ab_1.conda
  sha256: ab29d57dc70786c1269633ba3dff20288b81664d3ff8d21af995742e2bb03287
  md5: 962b9857ee8e7018c22f2776ffa0b2d7
  depends:
  - python >=3.9
  license: BSD-3-Clause
  license_family: BSD
  purls:
  - pkg:pypi/colorama?source=hash-mapping
  size: 27011
  timestamp: 1733218222191
- conda: https://conda.anaconda.org/conda-forge/osx-arm64/contourpy-1.3.3-py314hf8a3a22_4.conda
  sha256: 754ab72f1c1ae99ef7c57995f59224dc9632cbd6731fe7e6277437fd01d43156
  md5: cddc851000ce131d757678c2f329eaad
  depends:
  - numpy >=1.25
  - python
  - python 3.14.* *_cp314
  - __osx >=11.0
  - libcxx >=19
  - python_abi 3.14.* *_cp314
  license: BSD-3-Clause
  license_family: BSD
  purls:
  - pkg:pypi/contourpy?source=hash-mapping
  size: 290405
  timestamp: 1769156069514
- conda: https://conda.anaconda.org/conda-forge/noarch/cycler-0.12.1-pyhcf101f3_2.conda
  sha256: bb47aec5338695ff8efbddbc669064a3b10fe34ad881fb8ad5d64fbfa6910ed1
  md5: 4c2a8fef270f6c69591889b93f9f55c1
  depends:
  - python >=3.10
  - python
  license: BSD-3-Clause
  license_family: BSD
  purls:
  - pkg:pypi/cycler?source=hash-mapping
  size: 14778
  timestamp: 1764466758386
- conda: https://conda.anaconda.org/conda-forge/noarch/exceptiongroup-1.3.1-pyhd8ed1ab_0.conda
  sha256: ee6cf346d017d954255bbcbdb424cddea4d14e4ed7e9813e429db1d795d01144
  md5: 8e662bd460bda79b1ea39194e3c4c9ab
  depends:
  - python >=3.10
  - typing_extensions >=4.6.0
  license: MIT and PSF-2.0
  purls:
  - pkg:pypi/exceptiongroup?source=hash-mapping
  size: 21333
  timestamp: 1763918099466
- conda: https://conda.anaconda.org/conda-forge/noarch/fonttools-4.62.0-pyh7db6752_0.conda
  sha256: ed4462f6e49b8dea4e45f7294cca576a38cf4fc41e04bbcd95f9cf55be7776b9
  md5: 049f68f9c90f00069c748cd6fb7bfb55
  depends:
  - brotli
  - munkres
  - python >=3.10
  - unicodedata2 >=15.1.0
  track_features:
  - fonttools_no_compile
  license: MIT
  license_family: MIT
  purls:
  - pkg:pypi/fonttools?source=compressed-mapping
  size: 837910
  timestamp: 1773137210630
- conda: https://conda.anaconda.org/conda-forge/osx-arm64/freetype-2.14.3-hce30654_0.conda
  sha256: 5952bd9db12207a18a112e8924aa2ce8c2f9d57b62584d58a97d2f6afe1ea324
  md5: 6dcc75ba2e04c555e881b72793d3282f
  depends:
  - libfreetype 2.14.3 hce30654_0
  - libfreetype6 2.14.3 hdfa99f5_0
  license: GPL-2.0-only OR FTL
  purls: []
  size: 173313
  timestamp: 1774298702053
- conda: https://conda.anaconda.org/conda-forge/noarch/iniconfig-2.3.0-pyhd8ed1ab_0.conda
  sha256: e1a9e3b1c8fe62dc3932a616c284b5d8cbe3124bbfbedcf4ce5c828cb166ee19
  md5: 9614359868482abba1bd15ce465e3c42
  depends:
  - python >=3.10
  license: MIT
  license_family: MIT
  purls:
  - pkg:pypi/iniconfig?source=compressed-mapping
  size: 13387
  timestamp: 1760831448842
- conda: https://conda.anaconda.org/conda-forge/osx-arm64/kiwisolver-1.5.0-py314hf8a3a22_0.conda
  sha256: 840de1b0ba2fa646475bc53ba0f723c8a13e66139633a070831b8279deaa7c64
  md5: eb1465d8a644ef290d18fb86af6e9bc4
  depends:
  - python
  - python 3.14.* *_cp314
  - libcxx >=19
  - __osx >=11.0
  - python_abi 3.14.* *_cp314
  license: BSD-3-Clause
  license_family: BSD
  purls:
  - pkg:pypi/kiwisolver?source=hash-mapping
  size: 69284
  timestamp: 1773067285911
- conda: https://conda.anaconda.org/conda-forge/osx-arm64/lcms2-2.18-hdfa7624_0.conda
  sha256: d768da024ab74a4b30642401877fa914a68bdc238667f16b1ec2e0e98b2451a6
  md5: 6631a7bd2335bb9699b1dbc234b19784
  depends:
  - __osx >=11.0
  - libjpeg-turbo >=3.1.2,<4.0a0
  - libtiff >=4.7.1,<4.8.0a0
  license: MIT
  license_family: MIT
  purls: []
  size: 211756
  timestamp: 1768184994800
- conda: https://conda.anaconda.org/conda-forge/osx-arm64/lerc-4.1.0-h1eee2c3_0.conda
  sha256: 66e5ffd301a44da696f3efc2f25d6d94f42a9adc0db06c44ad753ab844148c51
  md5: 095e5749868adab9cae42d4b460e5443
  depends:
  - __osx >=11.0
  - libcxx >=19
  license: Apache-2.0
  license_family: Apache
  purls: []
  size: 164222
  timestamp: 1773114244984
- conda: https://conda.anaconda.org/conda-forge/osx-arm64/libblas-3.11.0-6_h51639a9_openblas.conda
  build_number: 6
  sha256: 979227fc03628925037ab2dfda008eb7b5592644d9c2c21dd285cefe8c42553d
  md5: e551103471911260488a02155cef9c94
  depends:
  - libopenblas >=0.3.32,<0.3.33.0a0
  - libopenblas >=0.3.32,<1.0a0
  constrains:
  - liblapacke 3.11.0   6*_openblas
  - liblapack  3.11.0   6*_openblas
  - blas 2.306   openblas
  - libcblas   3.11.0   6*_openblas
  - mkl <2026
  license: BSD-3-Clause
  license_family: BSD
  purls: []
  size: 18859
  timestamp: 1774504387211
- conda: https://conda.anaconda.org/conda-forge/osx-arm64/libbrotlicommon-1.2.0-hc919400_1.conda
  sha256: a7cb9e660531cf6fbd4148cff608c85738d0b76f0975c5fc3e7d5e92840b7229
  md5: 006e7ddd8a110771134fcc4e1e3a6ffa
  depends:
  - __osx >=11.0
  license: MIT
  license_family: MIT
  purls: []
  size: 79443
  timestamp: 1764017945924
- conda: https://conda.anaconda.org/conda-forge/osx-arm64/libbrotlidec-1.2.0-hc919400_1.conda
  sha256: 2eae444039826db0454b19b52a3390f63bfe24f6b3e63089778dd5a5bf48b6bf
  md5: 079e88933963f3f149054eec2c487bc2
  depends:
  - __osx >=11.0
  - libbrotlicommon 1.2.0 hc919400_1
  license: MIT
  license_family: MIT
  purls: []
  size: 29452
  timestamp: 1764017979099
- conda: https://conda.anaconda.org/conda-forge/osx-arm64/libbrotlienc-1.2.0-hc919400_1.conda
  sha256: 01436c32bb41f9cb4bcf07dda647ce4e5deb8307abfc3abdc8da5317db8189d1
  md5: b2b7c8288ca1a2d71ff97a8e6a1e8883
  depends:
  - __osx >=11.0
  - libbrotlicommon 1.2.0 hc919400_1
  license: MIT
  license_family: MIT
  purls: []
  size: 290754
  timestamp: 1764018009077
- conda: https://conda.anaconda.org/conda-forge/osx-arm64/libcblas-3.11.0-6_hb0561ab_openblas.conda
  build_number: 6
  sha256: 2e6b3e9b1ab672133b70fc6730e42290e952793f132cb5e72eee22835463eba0
  md5: 805c6d31c5621fd75e53dfcf21fb243a
  depends:
  - libblas 3.11.0 6_h51639a9_openblas
  constrains:
  - liblapacke 3.11.0   6*_openblas
  - blas 2.306   openblas
  - liblapack  3.11.0   6*_openblas
  license: BSD-3-Clause
  license_family: BSD
  purls: []
  size: 18863
  timestamp: 1774504433388
- conda: https://conda.anaconda.org/conda-forge/osx-arm64/libcxx-22.1.3-h55c6f16_0.conda
  sha256: 34cc56c627b01928e49731bcfe92338e440ab6b5952feee8f1dd16570b8b8339
  md5: acbb3f547c4aae16b19e417db0c6e5ed
  depends:
  - __osx >=11.0
  license: Apache-2.0 WITH LLVM-exception
  license_family: Apache
  purls: []
  size: 570026
  timestamp: 1775565121045
- conda: https://conda.anaconda.org/conda-forge/osx-arm64/libdeflate-1.25-hc11a715_0.conda
  sha256: 5e0b6961be3304a5f027a8c00bd0967fc46ae162cffb7553ff45c70f51b8314c
  md5: a6130c709305cd9828b4e1bd9ba0000c
  depends:
  - __osx >=11.0
  license: MIT
  license_family: MIT
  purls: []
  size: 55420
  timestamp: 1761980066242
- conda: https://conda.anaconda.org/conda-forge/osx-arm64/libexpat-2.7.5-hf6b4638_0.conda
  sha256: 06780dec91dd25770c8cf01e158e1062fbf7c576b1406427475ce69a8af75b7e
  md5: a32123f93e168eaa4080d87b0fb5da8a
  depends:
  - __osx >=11.0
  constrains:
  - expat 2.7.5.*
  license: MIT
  license_family: MIT
  purls: []
  size: 68192
  timestamp: 1774719211725
- conda: https://conda.anaconda.org/conda-forge/osx-arm64/libffi-3.5.2-hcf2aa1b_0.conda
  sha256: 6686a26466a527585e6a75cc2a242bf4a3d97d6d6c86424a441677917f28bec7
  md5: 43c04d9cb46ef176bb2a4c77e324d599
  depends:
  - __osx >=11.0
  license: MIT
  license_family: MIT
  purls: []
  size: 40979
  timestamp: 1769456747661
- conda: https://conda.anaconda.org/conda-forge/osx-arm64/libfreetype-2.14.3-hce30654_0.conda
  sha256: a047a2f238362a37d484f9620e8cba29f513a933cd9eb68571ad4b270d6f8f3e
  md5: f73b109d49568d5d1dda43bb147ae37f
  depends:
  - libfreetype6 >=2.14.3
  license: GPL-2.0-only OR FTL
  purls: []
  size: 8091
  timestamp: 1774298691258
- conda: https://conda.anaconda.org/conda-forge/osx-arm64/libfreetype6-2.14.3-hdfa99f5_0.conda
  sha256: ff764608e1f2839e95e2cf9b243681475f8778c36af7a42b3f78f476fdbb1dd3
  md5: e98ba7b5f09a5f450eca083d5a1c4649
  depends:
  - __osx >=11.0
  - libpng >=1.6.55,<1.7.0a0
  - libzlib >=1.3.2,<2.0a0
  constrains:
  - freetype >=2.14.3
  license: GPL-2.0-only OR FTL
  purls: []
  size: 338085
  timestamp: 1774298689297
- conda: https://conda.anaconda.org/conda-forge/osx-arm64/libgcc-15.2.0-hcbb3090_18.conda
  sha256: 1d9c4f35586adb71bcd23e31b68b7f3e4c4ab89914c26bed5f2859290be5560e
  md5: 92df6107310b1fff92c4cc84f0de247b
  depends:
  - _openmp_mutex
  constrains:
  - libgcc-ng ==15.2.0=*_18
  - libgomp 15.2.0 18
  license: GPL-3.0-only WITH GCC-exception-3.1
  license_family: GPL
  purls: []
  size: 401974
  timestamp: 1771378877463
- conda: https://conda.anaconda.org/conda-forge/osx-arm64/libgfortran-15.2.0-h07b0088_18.conda
  sha256: 63f89087c3f0c8621c5c89ecceec1e56e5e1c84f65fc9c5feca33a07c570a836
  md5: 26981599908ed2205366e8fc91b37fc6
  depends:
  - libgfortran5 15.2.0 hdae7583_18
  constrains:
  - libgfortran-ng ==15.2.0=*_18
  license: GPL-3.0-only WITH GCC-exception-3.1
  license_family: GPL
  purls: []
  size: 138973
  timestamp: 1771379054939
- conda: https://conda.anaconda.org/conda-forge/osx-arm64/libgfortran5-15.2.0-hdae7583_18.conda
  sha256: 91033978ba25e6a60fb86843cf7e1f7dc8ad513f9689f991c9ddabfaf0361e7e
  md5: c4a6f7989cffb0544bfd9207b6789971
  depends:
  - libgcc >=15.2.0
  constrains:
  - libgfortran 15.2.0
  license: GPL-3.0-only WITH GCC-exception-3.1
  license_family: GPL
  purls: []
  size: 598634
  timestamp: 1771378886363
- conda: https://conda.anaconda.org/conda-forge/osx-arm64/libjpeg-turbo-3.1.4.1-h84a0fba_0.conda
  sha256: 17e035ae6a520ff6a6bb5dd93a4a7c3895891f4f9743bcb8c6ef607445a31cd0
  md5: b8a7544c83a67258b0e8592ec6a5d322
  depends:
  - __osx >=11.0
  constrains:
  - jpeg <0.0.0a
  license: IJG AND BSD-3-Clause AND Zlib
  purls: []
  size: 555681
  timestamp: 1775962975624
- conda: https://conda.anaconda.org/conda-forge/osx-arm64/liblapack-3.11.0-6_hd9741b5_openblas.conda
  build_number: 6
  sha256: 21606b7346810559e259807497b86f438950cf19e71838e44ebaf4bd2b35b549
  md5: ee33d2d05a7c5ea1f67653b37eb74db1
  depends:
  - libblas 3.11.0 6_h51639a9_openblas
  constrains:
  - liblapacke 3.11.0   6*_openblas
  - libcblas   3.11.0   6*_openblas
  - blas 2.306   openblas
  license: BSD-3-Clause
  license_family: BSD
  purls: []
  size: 18863
  timestamp: 1774504467905
- conda: https://conda.anaconda.org/conda-forge/osx-arm64/liblzma-5.8.3-h8088a28_0.conda
  sha256: 34878d87275c298f1a732c6806349125cebbf340d24c6c23727268184bba051e
  md5: b1fd823b5ae54fbec272cea0811bd8a9
  depends:
  - __osx >=11.0
  constrains:
  - xz 5.8.3.*
  license: 0BSD
  purls: []
  size: 92472
  timestamp: 1775825802659
- conda: https://conda.anaconda.org/conda-forge/osx-arm64/libmpdec-4.0.0-h84a0fba_1.conda
  sha256: 1089c7f15d5b62c622625ec6700732ece83be8b705da8c6607f4dabb0c4bd6d2
  md5: 57c4be259f5e0b99a5983799a228ae55
  depends:
  - __osx >=11.0
  license: BSD-2-Clause
  license_family: BSD
  purls: []
  size: 73690
  timestamp: 1769482560514
- conda: https://conda.anaconda.org/conda-forge/osx-arm64/libopenblas-0.3.32-openmp_he657e61_0.conda
  sha256: 713e453bde3531c22a660577e59bf91ef578dcdfd5edb1253a399fa23514949a
  md5: 3a1111a4b6626abebe8b978bb5a323bf
  depends:
  - __osx >=11.0
  - libgfortran
  - libgfortran5 >=14.3.0
  - llvm-openmp >=19.1.7
  constrains:
  - openblas >=0.3.32,<0.3.33.0a0
  license: BSD-3-Clause
  license_family: BSD
  purls: []
  size: 4308797
  timestamp: 1774472508546
- conda: https://conda.anaconda.org/conda-forge/osx-arm64/libpng-1.6.57-h132b30e_0.conda
  sha256: 3f2b76a220844a7b2217688910d59c5fce075f54d0cee03da55a344e6be8f8a0
  md5: 1a28041d8d998688fd82e25b45582b21
  depends:
  - __osx >=11.0
  - libzlib >=1.3.2,<2.0a0
  license: zlib-acknowledgement
  purls: []
  size: 289615
  timestamp: 1775692978357
- conda: https://conda.anaconda.org/conda-forge/osx-arm64/libsqlite-3.53.0-h1b79a29_0.conda
  sha256: 1a9d1e3e18dbb0b87cff3b40c3e42703730d7ac7ee9b9322c2682196a81ba0c3
  md5: 8423c008105df35485e184066cad4566
  depends:
  - __osx >=11.0
  - libzlib >=1.3.2,<2.0a0
  license: blessing
  purls: []
  size: 920039
  timestamp: 1775754485962
- conda: https://conda.anaconda.org/conda-forge/osx-arm64/libtiff-4.7.1-h4030677_1.conda
  sha256: e9248077b3fa63db94caca42c8dbc6949c6f32f94d1cafad127f9005d9b1507f
  md5: e2a72ab2fa54ecb6abab2b26cde93500
  depends:
  - __osx >=11.0
  - lerc >=4.0.0,<5.0a0
  - libcxx >=19
  - libdeflate >=1.25,<1.26.0a0
  - libjpeg-turbo >=3.1.0,<4.0a0
  - liblzma >=5.8.1,<6.0a0
  - libwebp-base >=1.6.0,<2.0a0
  - libzlib >=1.3.1,<2.0a0
  - zstd >=1.5.7,<1.6.0a0
  license: HPND
  purls: []
  size: 373892
  timestamp: 1762022345545
- conda: https://conda.anaconda.org/conda-forge/osx-arm64/libwebp-base-1.6.0-h07db88b_0.conda
  sha256: a4de3f371bb7ada325e1f27a4ef7bcc81b2b6a330e46fac9c2f78ac0755ea3dd
  md5: e5e7d467f80da752be17796b87fe6385
  depends:
  - __osx >=11.0
  constrains:
  - libwebp 1.6.0
  license: BSD-3-Clause
  license_family: BSD
  purls: []
  size: 294974
  timestamp: 1752159906788
- conda: https://conda.anaconda.org/conda-forge/osx-arm64/libxcb-1.17.0-hdb1d25a_0.conda
  sha256: bd3816218924b1e43b275863e21a3e13a5db4a6da74cca8e60bc3c213eb62f71
  md5: af523aae2eca6dfa1c8eec693f5b9a79
  depends:
  - __osx >=11.0
  - pthread-stubs
  - xorg-libxau >=1.0.11,<2.0a0
  - xorg-libxdmcp
  license: MIT
  license_family: MIT
  purls: []
  size: 323658
  timestamp: 1727278733917
- conda: https://conda.anaconda.org/conda-forge/osx-arm64/libzlib-1.3.2-h8088a28_2.conda
  sha256: 361415a698514b19a852f5d1123c5da746d4642139904156ddfca7c922d23a05
  md5: bc5a5721b6439f2f62a84f2548136082
  depends:
  - __osx >=11.0
  constrains:
  - zlib 1.3.2 *_2
  license: Zlib
  license_family: Other
  purls: []
  size: 47759
  timestamp: 1774072956767
- conda: https://conda.anaconda.org/conda-forge/osx-arm64/llvm-openmp-22.1.3-hc7d1edf_0.conda
  sha256: 71dcf9a9df103f57a0d5b0abc2594a15c2dd3afe52f07ac2d1c471552a61fb8d
  md5: 086b00b77f5f0f7ef5c2a99855650df4
  depends:
  - __osx >=11.0
  constrains:
  - openmp 22.1.3|22.1.3.*
  - intel-openmp <0.0a0
  license: Apache-2.0 WITH LLVM-exception
  license_family: APACHE
  purls: []
  size: 285886
  timestamp: 1775712563398
- conda: https://conda.anaconda.org/conda-forge/noarch/logistro-2.0.1-pyhcf101f3_0.conda
  sha256: e493ca0f78d7e7a7618b3999fb84a15d312dc61ce024ca4b1718bdd940c2ac93
  md5: 87437cafadce67e0c0605d3f3e36998a
  depends:
  - python >=3.10
  - python
  license: MIT
  license_family: MIT
  purls:
  - pkg:pypi/logistro?source=hash-mapping
  size: 15543
  timestamp: 1762185534234
- conda: https://conda.anaconda.org/conda-forge/osx-arm64/matplotlib-3.10.8-py314he55896b_0.conda
  sha256: 070b99e48cd6dda06086116626203c100e6f34af771b34384848ce5abeaf683e
  md5: ad9a3f773f13989b92b41c0eabed5a38
  depends:
  - matplotlib-base >=3.10.8,<3.10.9.0a0
  - python >=3.14,<3.15.0a0
  - python_abi 3.14.* *_cp314
  - tornado >=5
  license: PSF-2.0
  license_family: PSF
  purls: []
  size: 17538
  timestamp: 1763055987021
- conda: https://conda.anaconda.org/conda-forge/osx-arm64/matplotlib-base-3.10.8-py314hd63e3f0_0.conda
  sha256: 198dcc0ed83e78bc7bf48e6ef8d4ecd220e9cf1f07db98508251b2bc0be067f9
  md5: c84152e510d41378b8758826655b6ed7
  depends:
  - __osx >=11.0
  - contourpy >=1.0.1
  - cycler >=0.10
  - fonttools >=4.22.0
  - freetype
  - kiwisolver >=1.3.1
  - libcxx >=19
  - libfreetype >=2.14.1
  - libfreetype6 >=2.14.1
  - numpy >=1.23
  - numpy >=1.23,<3
  - packaging >=20.0
  - pillow >=8
  - pyparsing >=2.3.1
  - python >=3.14,<3.15.0a0
  - python >=3.14,<3.15.0a0 *_cp314
  - python-dateutil >=2.7
  - python_abi 3.14.* *_cp314
  - qhull >=2020.2,<2020.3.0a0
  license: PSF-2.0
  license_family: PSF
  purls:
  - pkg:pypi/matplotlib?source=hash-mapping
  size: 8286510
  timestamp: 1763055937766
- conda: https://conda.anaconda.org/conda-forge/noarch/munkres-1.1.4-pyhd8ed1ab_1.conda
  sha256: d09c47c2cf456de5c09fa66d2c3c5035aa1fa228a1983a433c47b876aa16ce90
  md5: 37293a85a0f4f77bbd9cf7aaefc62609
  depends:
  - python >=3.9
  license: Apache-2.0
  license_family: Apache
  purls:
  - pkg:pypi/munkres?source=hash-mapping
  size: 15851
  timestamp: 1749895533014
- conda: https://conda.anaconda.org/conda-forge/noarch/narwhals-2.19.0-pyhcf101f3_0.conda
  sha256: cac1f5236e9d7d1d90d733254bb26948b7c1b22cfbaffc6ebad3ebe9435f26b1
  md5: b94cbc2227cdca1e9a65d7ad4ee636c1
  depends:
  - python >=3.10
  - python
  license: MIT
  license_family: MIT
  purls:
  - pkg:pypi/narwhals?source=compressed-mapping
  size: 281869
  timestamp: 1775500139138
- conda: https://conda.anaconda.org/conda-forge/osx-arm64/ncurses-6.5-h5e97a16_3.conda
  sha256: 2827ada40e8d9ca69a153a45f7fd14f32b2ead7045d3bbb5d10964898fe65733
  md5: 068d497125e4bf8a66bf707254fff5ae
  depends:
  - __osx >=11.0
  license: X11 AND BSD-3-Clause
  purls: []
  size: 797030
  timestamp: 1738196177597
- conda: https://conda.anaconda.org/conda-forge/osx-arm64/numpy-2.4.3-py314h1569ea8_0.conda
  sha256: fe565b09011e8b8edb11bc20564ab130b107d4717590c2464d6d7c2a5a53c6da
  md5: 0fab9cf4fc5163131387f36742b50c79
  depends:
  - python
  - libcxx >=19
  - python 3.14.* *_cp314
  - __osx >=11.0
  - libblas >=3.9.0,<4.0a0
  - liblapack >=3.9.0,<4.0a0
  - python_abi 3.14.* *_cp314
  - libcblas >=3.9.0,<4.0a0
  constrains:
  - numpy-base <0a0
  license: BSD-3-Clause
  license_family: BSD
  purls:
  - pkg:pypi/numpy?source=compressed-mapping
  size: 6993182
  timestamp: 1773839150339
- conda: https://conda.anaconda.org/conda-forge/osx-arm64/openjpeg-2.5.4-hd9e9057_0.conda
  sha256: 60aca8b9f94d06b852b296c276b3cf0efba5a6eb9f25feb8708570d3a74f00e4
  md5: 4b5d3a91320976eec71678fad1e3569b
  depends:
  - __osx >=11.0
  - libcxx >=19
  - libpng >=1.6.55,<1.7.0a0
  - libtiff >=4.7.1,<4.8.0a0
  - libzlib >=1.3.1,<2.0a0
  license: BSD-2-Clause
  license_family: BSD
  purls: []
  size: 319697
  timestamp: 1772625397692
- conda: https://conda.anaconda.org/conda-forge/osx-arm64/openssl-3.6.2-hd24854e_0.conda
  sha256: c91bf510c130a1ea1b6ff023e28bac0ccaef869446acd805e2016f69ebdc49ea
  md5: 25dcccd4f80f1638428613e0d7c9b4e1
  depends:
  - __osx >=11.0
  - ca-certificates
  license: Apache-2.0
  license_family: Apache
  purls: []
  size: 3106008
  timestamp: 1775587972483
- conda: https://conda.anaconda.org/conda-forge/osx-arm64/orjson-3.11.8-py314h4e27585_0.conda
  sha256: 564bfc2b1106844401115b81c4e25e96868ae35e3d1f7a6de5660439aa897cca
  md5: 1b49fc397b3a8df0dbd4fa95ce2aacc4
  depends:
  - python
  - __osx >=11.0
  - python 3.14.* *_cp314
  - python_abi 3.14.* *_cp314
  constrains:
  - __osx >=11.0
  license: Apache-2.0
  license_family: APACHE
  purls:
  - pkg:pypi/orjson?source=hash-mapping
  size: 335224
  timestamp: 1774994154124
- conda: https://conda.anaconda.org/conda-forge/noarch/packaging-26.0-pyhcf101f3_0.conda
  sha256: c1fc0f953048f743385d31c468b4a678b3ad20caffdeaa94bed85ba63049fd58
  md5: b76541e68fea4d511b1ac46a28dcd2c6
  depends:
  - python >=3.8
  - python
  license: Apache-2.0
  license_family: APACHE
  purls:
  - pkg:pypi/packaging?source=compressed-mapping
  size: 72010
  timestamp: 1769093650580
- conda: https://conda.anaconda.org/conda-forge/osx-arm64/pandas-3.0.2-py314he609de1_0.conda
  sha256: 5569734c504ffa7ced5f6c8734f2ff62ba679e5923fbdf1f17b6032e01ea6df8
  md5: a28d1a3565d7c6d95479c2c6e52c1b16
  depends:
  - python
  - numpy >=1.26.0
  - python-dateutil >=2.8.2
  - python 3.14.* *_cp314
  - libcxx >=19
  - __osx >=11.0
  - numpy >=1.23,<3
  - python_abi 3.14.* *_cp314
  constrains:
  - adbc-driver-postgresql >=1.2.0
  - adbc-driver-sqlite >=1.2.0
  - beautifulsoup4 >=4.12.3
  - blosc >=1.21.3
  - bottleneck >=1.4.2
  - fastparquet >=2024.11.0
  - fsspec >=2024.10.0
  - gcsfs >=2024.10.0
  - html5lib >=1.1
  - hypothesis >=6.116.0
  - jinja2 >=3.1.5
  - lxml >=5.3.0
  - matplotlib >=3.9.3
  - numba >=0.60.0
  - numexpr >=2.10.2
  - odfpy >=1.4.1
  - openpyxl >=3.1.5
  - psycopg2 >=2.9.10
  - pyarrow >=13.0.0
  - pyiceberg >=0.8.1
  - pymysql >=1.1.1
  - pyqt5 >=5.15.9
  - pyreadstat >=1.2.8
  - pytables >=3.10.1
  - pytest >=8.3.4
  - pytest-xdist >=3.6.1
  - python-calamine >=0.3.0
  - pytz >=2024.2
  - pyxlsb >=1.0.10
  - qtpy >=2.4.2
  - scipy >=1.14.1
  - s3fs >=2024.10.0
  - sqlalchemy >=2.0.36
  - tabulate >=0.9.0
  - xarray >=2024.10.0
  - xlrd >=2.0.1
  - xlsxwriter >=3.2.0
  - zstandard >=0.23.0
  license: BSD-3-Clause
  license_family: BSD
  purls:
  - pkg:pypi/pandas?source=compressed-mapping
  size: 14349246
  timestamp: 1774916749510
- conda: https://conda.anaconda.org/conda-forge/osx-arm64/pillow-12.2.0-py314hab283cf_0.conda
  sha256: 3d8a86c8cf69ea4bdfeaa3e89e7218bcdc1522e58c9c6298263bfede8ab48cee
  md5: adf49537da0e0c34cf735e71fe579506
  depends:
  - python
  - __osx >=11.0
  - python 3.14.* *_cp314
  - tk >=8.6.13,<8.7.0a0
  - openjpeg >=2.5.4,<3.0a0
  - libxcb >=1.17.0,<2.0a0
  - libwebp-base >=1.6.0,<2.0a0
  - libfreetype >=2.14.3
  - libfreetype6 >=2.14.3
  - python_abi 3.14.* *_cp314
  - libtiff >=4.7.1,<4.8.0a0
  - libjpeg-turbo >=3.1.2,<4.0a0
  - zlib-ng >=2.3.3,<2.4.0a0
  - lcms2 >=2.18,<3.0a0
  license: HPND
  purls:
  - pkg:pypi/pillow?source=compressed-mapping
  size: 1006294
  timestamp: 1775060469004
- conda: https://conda.anaconda.org/conda-forge/noarch/plotly-6.6.0-pyhd8ed1ab_0.conda
  sha256: c418d325359fc7a0074cea7f081ef1bce26e114d2da8a0154c5d27ecc87a08e7
  md5: 3e9427ee186846052e81fadde8ebe96a
  depends:
  - narwhals >=1.15.1
  - packaging
  - python >=3.10
  constrains:
  - ipywidgets >=7.6
  license: MIT
  license_family: MIT
  purls:
  - pkg:pypi/plotly?source=compressed-mapping
  size: 5251872
  timestamp: 1772628857717
- conda: https://conda.anaconda.org/conda-forge/noarch/pluggy-1.6.0-pyhf9edf01_1.conda
  sha256: e14aafa63efa0528ca99ba568eaf506eb55a0371d12e6250aaaa61718d2eb62e
  md5: d7585b6550ad04c8c5e21097ada2888e
  depends:
  - python >=3.9
  - python
  license: MIT
  license_family: MIT
  purls:
  - pkg:pypi/pluggy?source=compressed-mapping
  size: 25877
  timestamp: 1764896838868
- conda: https://conda.anaconda.org/conda-forge/osx-arm64/pthread-stubs-0.4-hd74edd7_1002.conda
  sha256: 8ed65e17fbb0ca944bfb8093b60086e3f9dd678c3448b5de212017394c247ee3
  md5: 415816daf82e0b23a736a069a75e9da7
  depends:
  - __osx >=11.0
  license: MIT
  license_family: MIT
  purls: []
  size: 8381
  timestamp: 1726802424786
- pypi: ./
  name: pydiceplot
  version: 0.0.2
  sha256: 24a3238ca299ed1d90dc6608a2fc644368b15bf7178277ff81bd0e5d3eb6cfee
  requires_dist:
  - pandas>=1.0
  - numpy>=1.18
  - plotly>=5.0
  - scipy>=1.5
  - matplotlib>=3.5
  - kaleido>=0.2
  editable: true
- conda: https://conda.anaconda.org/conda-forge/noarch/pygments-2.20.0-pyhd8ed1ab_0.conda
  sha256: cf70b2f5ad9ae472b71235e5c8a736c9316df3705746de419b59d442e8348e86
  md5: 16c18772b340887160c79a6acc022db0
  depends:
  - python >=3.10
  license: BSD-2-Clause
  license_family: BSD
  purls:
  - pkg:pypi/pygments?source=compressed-mapping
  size: 893031
  timestamp: 1774796815820
- conda: https://conda.anaconda.org/conda-forge/noarch/pyparsing-3.3.2-pyhcf101f3_0.conda
  sha256: 417fba4783e528ee732afa82999300859b065dc59927344b4859c64aae7182de
  md5: 3687cc0b82a8b4c17e1f0eb7e47163d5
  depends:
  - python >=3.10
  - python
  license: MIT
  license_family: MIT
  purls:
  - pkg:pypi/pyparsing?source=hash-mapping
  size: 110893
  timestamp: 1769003998136
- conda: https://conda.anaconda.org/conda-forge/noarch/pytest-9.0.3-pyhc364b38_1.conda
  sha256: 960f59442173eee0731906a9077bd5ccf60f4b4226f05a22d1728ab9a21a879c
  md5: 6a991452eadf2771952f39d43615bb3e
  depends:
  - colorama >=0.4
  - pygments >=2.7.2
  - python >=3.10
  - iniconfig >=1.0.1
  - packaging >=22
  - pluggy >=1.5,<2
  - tomli >=1
  - exceptiongroup >=1
  - python
  constrains:
  - pytest-faulthandler >=2
  license: MIT
  license_family: MIT
  purls:
  - pkg:pypi/pytest?source=compressed-mapping
  size: 299984
  timestamp: 1775644472530
- conda: https://conda.anaconda.org/conda-forge/noarch/pytest-timeout-2.4.0-pyhd8ed1ab_0.conda
  sha256: 25afa7d9387f2aa151b45eb6adf05f9e9e3f58c8de2bc09be7e85c114118eeb9
  md5: 52a50ca8ea1b3496fbd3261bea8c5722
  depends:
  - pytest >=7.0.0
  - python >=3.9
  license: MIT
  license_family: MIT
  purls:
  - pkg:pypi/pytest-timeout?source=hash-mapping
  size: 20137
  timestamp: 1746533140824
- conda: https://conda.anaconda.org/conda-forge/osx-arm64/python-3.14.4-h4c637c5_100_cp314.conda
  build_number: 100
  sha256: 27e7d6cbe021f37244b643f06a98e46767255f7c2907108dd3736f042757ddad
  md5: e1bc5a3015a4bbeb304706dba5a32b7f
  depends:
  - __osx >=11.0
  - bzip2 >=1.0.8,<2.0a0
  - libexpat >=2.7.5,<3.0a0
  - libffi >=3.5.2,<3.6.0a0
  - liblzma >=5.8.2,<6.0a0
  - libmpdec >=4.0.0,<5.0a0
  - libsqlite >=3.52.0,<4.0a0
  - libzlib >=1.3.2,<2.0a0
  - ncurses >=6.5,<7.0a0
  - openssl >=3.5.6,<4.0a0
  - python_abi 3.14.* *_cp314
  - readline >=8.3,<9.0a0
  - tk >=8.6.13,<8.7.0a0
  - tzdata
  - zstd >=1.5.7,<1.6.0a0
  license: Python-2.0
  purls: []
  size: 13533346
  timestamp: 1775616188373
  python_site_packages_path: lib/python3.14/site-packages
- conda: https://conda.anaconda.org/conda-forge/noarch/python-dateutil-2.9.0.post0-pyhe01879c_2.conda
  sha256: d6a17ece93bbd5139e02d2bd7dbfa80bee1a4261dced63f65f679121686bf664
  md5: 5b8d21249ff20967101ffa321cab24e8
  depends:
  - python >=3.9
  - six >=1.5
  - python
  license: Apache-2.0
  license_family: APACHE
  purls:
  - pkg:pypi/python-dateutil?source=hash-mapping
  size: 233310
  timestamp: 1751104122689
- conda: https://conda.anaconda.org/conda-forge/noarch/python-kaleido-1.2.0-pyhcf101f3_0.conda
  sha256: 8fb250488b9800f0fcbc141e65d49833eba980508b9cb7a31c3dbde71fddfbb5
  md5: fab666407b4ef9b62ae27f0a01d11e32
  depends:
  - python >=3.10
  - choreographer >=1.1.1
  - logistro >=1.0.8
  - orjson >=3.10.15
  - packaging
  - pytest-timeout >=2.4.0
  - python
  license: MIT
  license_family: MIT
  purls:
  - pkg:pypi/kaleido?source=hash-mapping
  size: 65699
  timestamp: 1762328930482
- conda: https://conda.anaconda.org/conda-forge/noarch/python_abi-3.14-8_cp314.conda
  build_number: 8
  sha256: ad6d2e9ac39751cc0529dd1566a26751a0bf2542adb0c232533d32e176e21db5
  md5: 0539938c55b6b1a59b560e843ad864a4
  constrains:
  - python 3.14.* *_cp314
  license: BSD-3-Clause
  license_family: BSD
  purls: []
  size: 6989
  timestamp: 1752805904792
- conda: https://conda.anaconda.org/conda-forge/osx-arm64/qhull-2020.2-h420ef59_5.conda
  sha256: 873ac689484262a51fd79bc6103c1a1bedbf524924d7f0088fb80703042805e4
  md5: 6483b1f59526e05d7d894e466b5b6924
  depends:
  - __osx >=11.0
  - libcxx >=16
  license: LicenseRef-Qhull
  purls: []
  size: 516376
  timestamp: 1720814307311
- conda: https://conda.anaconda.org/conda-forge/osx-arm64/readline-8.3-h46df422_0.conda
  sha256: a77010528efb4b548ac2a4484eaf7e1c3907f2aec86123ed9c5212ae44502477
  md5: f8381319127120ce51e081dce4865cf4
  depends:
  - __osx >=11.0
  - ncurses >=6.5,<7.0a0
  license: GPL-3.0-only
  license_family: GPL
  purls: []
  size: 313930
  timestamp: 1765813902568
- conda: https://conda.anaconda.org/conda-forge/osx-arm64/scipy-1.17.1-py314hfc1f868_0.conda
  sha256: 6ca2abcaff2cd071aabaabd82b10a87fc7de3a4619f6c98820cc28e90cc2cb20
  md5: 7806ce54b78b0b11517b465a3398e910
  depends:
  - __osx >=11.0
  - libblas >=3.9.0,<4.0a0
  - libcblas >=3.9.0,<4.0a0
  - libcxx >=19
  - libgfortran
  - libgfortran5 >=14.3.0
  - liblapack >=3.9.0,<4.0a0
  - numpy <2.7
  - numpy >=1.23,<3
  - numpy >=1.25.2
  - python >=3.14,<3.15.0a0
  - python >=3.14,<3.15.0a0 *_cp314
  - python_abi 3.14.* *_cp314
  license: BSD-3-Clause
  license_family: BSD
  purls:
  - pkg:pypi/scipy?source=hash-mapping
  size: 13986990
  timestamp: 1771881110844
- conda: https://conda.anaconda.org/conda-forge/osx-arm64/simplejson-3.20.2-py314h0612a62_1.conda
  sha256: e6a6a2aab805c4c50464aecff3f752a78ce15bb1b9de006b1d929d0673f3a386
  md5: 82c463d19f1d85e60d520d129c67b483
  depends:
  - __osx >=11.0
  - python >=3.14,<3.15.0a0
  - python >=3.14,<3.15.0a0 *_cp314
  - python_abi 3.14.* *_cp314
  license: MIT
  license_family: MIT
  purls:
  - pkg:pypi/simplejson?source=hash-mapping
  size: 134426
  timestamp: 1762507464057
- conda: https://conda.anaconda.org/conda-forge/noarch/six-1.17.0-pyhe01879c_1.conda
  sha256: 458227f759d5e3fcec5d9b7acce54e10c9e1f4f4b7ec978f3bfd54ce4ee9853d
  md5: 3339e3b65d58accf4ca4fb8748ab16b3
  depends:
  - python >=3.9
  - python
  license: MIT
  license_family: MIT
  purls:
  - pkg:pypi/six?source=hash-mapping
  size: 18455
  timestamp: 1753199211006
- conda: https://conda.anaconda.org/conda-forge/osx-arm64/tk-8.6.13-h010d191_3.conda
  sha256: 799cab4b6cde62f91f750149995d149bc9db525ec12595e8a1d91b9317f038b3
  md5: a9d86bc62f39b94c4661716624eb21b0
  depends:
  - __osx >=11.0
  - libzlib >=1.3.1,<2.0a0
  license: TCL
  license_family: BSD
  purls: []
  size: 3127137
  timestamp: 1769460817696
- conda: https://conda.anaconda.org/conda-forge/noarch/tomli-2.4.1-pyhcf101f3_0.conda
  sha256: 91cafdb64268e43e0e10d30bd1bef5af392e69f00edd34dfaf909f69ab2da6bd
  md5: b5325cf06a000c5b14970462ff5e4d58
  depends:
  - python >=3.10
  - python
  license: MIT
  license_family: MIT
  purls:
  - pkg:pypi/tomli?source=hash-mapping
  size: 21561
  timestamp: 1774492402955
- conda: https://conda.anaconda.org/conda-forge/osx-arm64/tornado-6.5.5-py314h6c2aa35_0.conda
  sha256: 4ccc4a20d676c0ba85adee9c99015bec7f5b685df0cf8006e34573f1d6c2ce75
  md5: 3f81f8b2fe2c26a82c0abf57ab2b9610
  depends:
  - __osx >=11.0
  - python >=3.14,<3.15.0a0
  - python >=3.14,<3.15.0a0 *_cp314
  - python_abi 3.14.* *_cp314
  license: Apache-2.0
  license_family: Apache
  purls:
  - pkg:pypi/tornado?source=hash-mapping
  size: 910845
  timestamp: 1774358965067
- conda: https://conda.anaconda.org/conda-forge/noarch/typing_extensions-4.15.0-pyhcf101f3_0.conda
  sha256: 032271135bca55aeb156cee361c81350c6f3fb203f57d024d7e5a1fc9ef18731
  md5: 0caa1af407ecff61170c9437a808404d
  depends:
  - python >=3.10
  - python
  license: PSF-2.0
  license_family: PSF
  purls:
  - pkg:pypi/typing-extensions?source=hash-mapping
  size: 51692
  timestamp: 1756220668932
- conda: https://conda.anaconda.org/conda-forge/noarch/tzdata-2025c-hc9c84f9_1.conda
  sha256: 1d30098909076af33a35017eed6f2953af1c769e273a0626a04722ac4acaba3c
  md5: ad659d0a2b3e47e38d829aa8cad2d610
  license: LicenseRef-Public-Domain
  purls: []
  size: 119135
  timestamp: 1767016325805
- conda: https://conda.anaconda.org/conda-forge/osx-arm64/unicodedata2-17.0.1-py314h6c2aa35_0.conda
  sha256: 09bfbee5a2bcf4df06f21a2aa9eb40a7af97864a569beb5ea85fd6baf6e03ce7
  md5: 4fffb3ba871bb05f34ffb705534dfef5
  depends:
  - __osx >=11.0
  - python >=3.14,<3.15.0a0
  - python >=3.14,<3.15.0a0 *_cp314
  - python_abi 3.14.* *_cp314
  license: Apache-2.0
  license_family: Apache
  purls:
  - pkg:pypi/unicodedata2?source=hash-mapping
  size: 416130
  timestamp: 1770909728445
- conda: https://conda.anaconda.org/conda-forge/osx-arm64/xorg-libxau-1.0.12-hc919400_1.conda
  sha256: adae11db0f66f86156569415ed79cda75b2dbf4bea48d1577831db701438164f
  md5: 78b548eed8227a689f93775d5d23ae09
  depends:
  - __osx >=11.0
  license: MIT
  license_family: MIT
  purls: []
  size: 14105
  timestamp: 1762976976084
- conda: https://conda.anaconda.org/conda-forge/osx-arm64/xorg-libxdmcp-1.1.5-hc919400_1.conda
  sha256: f7fa0de519d8da589995a1fe78ef74556bb8bc4172079ae3a8d20c3c81354906
  md5: 9d1299ace1924aa8f4e0bc8e71dd0cf7
  depends:
  - __osx >=11.0
  license: MIT
  license_family: MIT
  purls: []
  size: 19156
  timestamp: 1762977035194
- conda: https://conda.anaconda.org/conda-forge/osx-arm64/zlib-ng-2.3.3-hed4e4f5_1.conda
  sha256: a339606a6b224bb230ff3d711e801934f3b3844271df9720165e0353716580d4
  md5: d99c2a23a31b0172e90f456f580b695e
  depends:
  - __osx >=11.0
  - libcxx >=19
  license: Zlib
  license_family: Other
  purls: []
  size: 94375
  timestamp: 1770168363685
- conda: https://conda.anaconda.org/conda-forge/osx-arm64/zstd-1.5.7-hbf9d68e_6.conda
  sha256: 9485ba49e8f47d2b597dd399e88f4802e100851b27c21d7525625b0b4025a5d9
  md5: ab136e4c34e97f34fb621d2592a393d8
  depends:
  - __osx >=11.0
  - libzlib >=1.3.1,<2.0a0
  license: BSD-3-Clause
  license_family: BSD
  purls: []
  size: 433413
  timestamp: 1764777166076
